
Microsoft Visual Studio Solution File, Format Version 12.00
# Visual Studio Version 17
VisualStudioVersion = 17.13.35919.96
MinimumVisualStudioVersion = 10.0.40219.1
Project("{FAE04EC0-301F-11D3-BF4B-00C04F79EFBC}") = "spotify_rating.Web", "src\spotify_rating.Web\spotify_rating.Web.csproj", "{EF17AF40-79AC-4424-A41C-6733C4B274CC}"
EndProject
Project("{2150E333-8FDC-42A3-9474-1A3956D46DE8}") = "src", "src", "{02EA681E-C7D8-13C7-8484-4AC65E1B71E8}"
EndProject
Project("{2150E333-8FDC-42A3-9474-1A3956D46DE8}") = "Solution Items", "Solution Items", "{F15CB622-1EB6-455E-9A6E-09095D84C01C}"
	ProjectSection(SolutionItems) = preProject
		.env = .env
		.gitattributes = .gitattributes
		.gitignore = .gitignore
		Directory.Build.props = Directory.Build.props
		Directory.Packages.props = Directory.Packages.props
		TODO.md = TODO.md
	EndProjectSection
EndProject
Global
	GlobalSection(SolutionConfigurationPlatforms) = preSolution
		Debug|Any CPU = Debug|Any CPU
		Release|Any CPU = Release|Any CPU
	EndGlobalSection
	GlobalSection(ProjectConfigurationPlatforms) = postSolution
		{EF17AF40-79AC-4424-A41C-6733C4B274CC}.Debug|Any CPU.ActiveCfg = Debug|Any CPU
		{EF17AF40-79AC-4424-A41C-6733C4B274CC}.Debug|Any CPU.Build.0 = Debug|Any CPU
		{EF17AF40-79AC-4424-A41C-6733C4B274CC}.Release|Any CPU.ActiveCfg = Release|Any CPU
		{EF17AF40-79AC-4424-A41C-6733C4B274CC}.Release|Any CPU.Build.0 = Release|Any CPU
	EndGlobalSection
	GlobalSection(SolutionProperties) = preSolution
		HideSolutionNode = FALSE
	EndGlobalSection
	GlobalSection(NestedProjects) = preSolution
		{EF17AF40-79AC-4424-A41C-6733C4B274CC} = {02EA681E-C7D8-13C7-8484-4AC65E1B71E8}
	EndGlobalSection
	GlobalSection(ExtensibilityGlobals) = postSolution
		SolutionGuid = {57DBC9AA-9180-4AFF-B3DA-E99878CA9E07}
	EndGlobalSection
EndGlobal
